{
  "version": 4,
  "terraform_version": "1.6.3",
  "serial": 5,
  "lineage": "4d0843b5-eefc-d013-1522-1d687d2ba646",
  "outputs": {
    "network_name": {
      "value": "example-vpc",
      "type": "string"
    },
    "network_self_link": {
      "value": "https://www.googleapis.com/compute/v1/projects/qwiklabs-gcp-03-f03513d436bd/global/networks/example-vpc",
      "type": "string"
    },
    "project_id": {
      "value": "qwiklabs-gcp-03-f03513d436bd",
      "type": "string"
    },
    "route_names": {
      "value": [],
      "type": [
        "tuple",
        []
      ]
    },
    "subnets_flow_logs": {
      "value": [
        false,
        true,
        true
      ],
      "type": [
        "tuple",
        [
          "bool",
          "bool",
          "bool"
        ]
      ]
    },
    "subnets_ips": {
      "value": [
        "10.10.10.0/24",
        "10.10.20.0/24",
        "10.10.30.0/24"
      ],
      "type": [
        "tuple",
        [
          "string",
          "string",
          "string"
        ]
      ]
    },
    "subnets_names": {
      "value": [
        "subnet-01",
        "subnet-02",
        "subnet-03"
      ],
      "type": [
        "tuple",
        [
          "string",
          "string",
          "string"
        ]
      ]
    },
    "subnets_private_access": {
      "value": [
        false,
        true,
        false
      ],
      "type": [
        "tuple",
        [
          "bool",
          "bool",
          "bool"
        ]
      ]
    },
    "subnets_regions": {
      "value": [
        "us-west1",
        "us-west1",
        "us-west1"
      ],
      "type": [
        "tuple",
        [
          "string",
          "string",
          "string"
        ]
      ]
    },
    "subnets_secondary_ranges": {
      "value": [
        [],
        [],
        []
      ],
      "type": [
        "tuple",
        [
          [
            "list",
            [
              "object",
              {
                "ip_cidr_range": "string",
                "range_name": "string"
              }
            ]
          ],
          [
            "list",
            [
              "object",
              {
                "ip_cidr_range": "string",
                "range_name": "string"
              }
            ]
          ],
          [
            "list",
            [
              "object",
              {
                "ip_cidr_range": "string",
                "range_name": "string"
              }
            ]
          ]
        ]
      ]
    }
  },
  "resources": [
    {
      "module": "module.test-vpc-module.module.subnets",
      "mode": "managed",
      "type": "google_compute_subnetwork",
      "name": "subnetwork",
      "provider": "provider[\"registry.terraform.io/hashicorp/google\"]",
      "instances": [
        {
          "index_key": "us-west1/subnet-01",
          "schema_version": 0,
          "attributes": {
            "creation_timestamp": "2023-11-26T19:31:03.138-08:00",
            "description": "",
            "external_ipv6_prefix": "",
            "fingerprint": null,
            "gateway_address": "10.10.10.1",
            "id": "projects/qwiklabs-gcp-03-f03513d436bd/regions/us-west1/subnetworks/subnet-01",
            "internal_ipv6_prefix": "",
            "ip_cidr_range": "10.10.10.0/24",
            "ipv6_access_type": "",
            "ipv6_cidr_range": "",
            "log_config": [],
            "name": "subnet-01",
            "network": "https://www.googleapis.com/compute/v1/projects/qwiklabs-gcp-03-f03513d436bd/global/networks/example-vpc",
            "private_ip_google_access": false,
            "private_ipv6_google_access": "DISABLE_GOOGLE_ACCESS",
            "project": "qwiklabs-gcp-03-f03513d436bd",
            "purpose": "PRIVATE",
            "region": "us-west1",
            "role": "",
            "secondary_ip_range": [],
            "self_link": "https://www.googleapis.com/compute/v1/projects/qwiklabs-gcp-03-f03513d436bd/regions/us-west1/subnetworks/subnet-01",
            "stack_type": "IPV4_ONLY",
            "timeouts": null
          },
          "sensitive_attributes": [],
          "private": "eyJlMmJmYjczMC1lY2FhLTExZTYtOGY4OC0zNDM2M2JjN2M0YzAiOnsiY3JlYXRlIjoxMjAwMDAwMDAwMDAwLCJkZWxldGUiOjEyMDAwMDAwMDAwMDAsInVwZGF0ZSI6MTIwMDAwMDAwMDAwMH19",
          "dependencies": [
            "module.test-vpc-module.module.vpc.google_compute_network.network"
          ]
        },
        {
          "index_key": "us-west1/subnet-02",
          "schema_version": 0,
          "attributes": {
            "creation_timestamp": "2023-11-26T19:31:02.702-08:00",
            "description": "",
            "external_ipv6_prefix": "",
            "fingerprint": null,
            "gateway_address": "10.10.20.1",
            "id": "projects/qwiklabs-gcp-03-f03513d436bd/regions/us-west1/subnetworks/subnet-02",
            "internal_ipv6_prefix": "",
            "ip_cidr_range": "10.10.20.0/24",
            "ipv6_access_type": "",
            "ipv6_cidr_range": "",
            "log_config": [
              {
                "aggregation_interval": "INTERVAL_5_SEC",
                "filter_expr": "true",
                "flow_sampling": 0.5,
                "metadata": "INCLUDE_ALL_METADATA",
                "metadata_fields": null
              }
            ],
            "name": "subnet-02",
            "network": "https://www.googleapis.com/compute/v1/projects/qwiklabs-gcp-03-f03513d436bd/global/networks/example-vpc",
            "private_ip_google_access": true,
            "private_ipv6_google_access": "DISABLE_GOOGLE_ACCESS",
            "project": "qwiklabs-gcp-03-f03513d436bd",
            "purpose": "PRIVATE",
            "region": "us-west1",
            "role": "",
            "secondary_ip_range": [],
            "self_link": "https://www.googleapis.com/compute/v1/projects/qwiklabs-gcp-03-f03513d436bd/regions/us-west1/subnetworks/subnet-02",
            "stack_type": "IPV4_ONLY",
            "timeouts": null
          },
          "sensitive_attributes": [],
          "private": "eyJlMmJmYjczMC1lY2FhLTExZTYtOGY4OC0zNDM2M2JjN2M0YzAiOnsiY3JlYXRlIjoxMjAwMDAwMDAwMDAwLCJkZWxldGUiOjEyMDAwMDAwMDAwMDAsInVwZGF0ZSI6MTIwMDAwMDAwMDAwMH19",
          "dependencies": [
            "module.test-vpc-module.module.vpc.google_compute_network.network"
          ]
        },
        {
          "index_key": "us-west1/subnet-03",
          "schema_version": 0,
          "attributes": {
            "creation_timestamp": "2023-11-26T19:31:03.050-08:00",
            "description": "",
            "external_ipv6_prefix": "",
            "fingerprint": null,
            "gateway_address": "10.10.30.1",
            "id": "projects/qwiklabs-gcp-03-f03513d436bd/regions/us-west1/subnetworks/subnet-03",
            "internal_ipv6_prefix": "",
            "ip_cidr_range": "10.10.30.0/24",
            "ipv6_access_type": "",
            "ipv6_cidr_range": "",
            "log_config": [
              {
                "aggregation_interval": "INTERVAL_10_MIN",
                "filter_expr": "false",
                "flow_sampling": 0.7,
                "metadata": "INCLUDE_ALL_METADATA",
                "metadata_fields": null
              }
            ],
            "name": "subnet-03",
            "network": "https://www.googleapis.com/compute/v1/projects/qwiklabs-gcp-03-f03513d436bd/global/networks/example-vpc",
            "private_ip_google_access": false,
            "private_ipv6_google_access": "DISABLE_GOOGLE_ACCESS",
            "project": "qwiklabs-gcp-03-f03513d436bd",
            "purpose": "PRIVATE",
            "region": "us-west1",
            "role": "",
            "secondary_ip_range": [],
            "self_link": "https://www.googleapis.com/compute/v1/projects/qwiklabs-gcp-03-f03513d436bd/regions/us-west1/subnetworks/subnet-03",
            "stack_type": "IPV4_ONLY",
            "timeouts": null
          },
          "sensitive_attributes": [],
          "private": "eyJlMmJmYjczMC1lY2FhLTExZTYtOGY4OC0zNDM2M2JjN2M0YzAiOnsiY3JlYXRlIjoxMjAwMDAwMDAwMDAwLCJkZWxldGUiOjEyMDAwMDAwMDAwMDAsInVwZGF0ZSI6MTIwMDAwMDAwMDAwMH19",
          "dependencies": [
            "module.test-vpc-module.module.vpc.google_compute_network.network"
          ]
        }
      ]
    },
    {
      "module": "module.test-vpc-module.module.vpc",
      "mode": "managed",
      "type": "google_compute_network",
      "name": "network",
      "provider": "provider[\"registry.terraform.io/hashicorp/google\"]",
      "instances": [
        {
          "schema_version": 0,
          "attributes": {
            "auto_create_subnetworks": false,
            "delete_default_routes_on_create": false,
            "description": "",
            "enable_ula_internal_ipv6": false,
            "gateway_ipv4": "",
            "id": "projects/qwiklabs-gcp-03-f03513d436bd/global/networks/example-vpc",
            "internal_ipv6_range": "",
            "mtu": 1460,
            "name": "example-vpc",
            "network_firewall_policy_enforcement_order": "AFTER_CLASSIC_FIREWALL",
            "project": "qwiklabs-gcp-03-f03513d436bd",
            "routing_mode": "GLOBAL",
            "self_link": "https://www.googleapis.com/compute/v1/projects/qwiklabs-gcp-03-f03513d436bd/global/networks/example-vpc",
            "timeouts": null
          },
          "sensitive_attributes": [],
          "private": "eyJlMmJmYjczMC1lY2FhLTExZTYtOGY4OC0zNDM2M2JjN2M0YzAiOnsiY3JlYXRlIjoxMjAwMDAwMDAwMDAwLCJkZWxldGUiOjEyMDAwMDAwMDAwMDAsInVwZGF0ZSI6MTIwMDAwMDAwMDAwMH19"
        }
      ]
    }
  ],
  "check_results": null
}
